// !$*UTF8*$!
{
	archiveVersion = 1;
	classes = {
	};
	objectVersion = 56;
	objects = {

/* Begin PBXBuildFile section */
		FA362F4E297DD55E00EE0CE1 /* TCheckBoxView.swift in Sources */ = {isa = PBXBuildFile; fileRef = FA362F4D297DD55E00EE0CE1 /* TCheckBoxView.swift */; };
		FA362F50297DD83700EE0CE1 /* TTimerView.swift in Sources */ = {isa = PBXBuildFile; fileRef = FA362F4F297DD83700EE0CE1 /* TTimerView.swift */; };
		FA4753332972E977008AA4DD /* TRatingView.swift in Sources */ = {isa = PBXBuildFile; fileRef = FA4753322972E977008AA4DD /* TRatingView.swift */; };
		FA4753352972F1FA008AA4DD /* ViewModifiers.swift in Sources */ = {isa = PBXBuildFile; fileRef = FA4753342972F1F9008AA4DD /* ViewModifiers.swift */; };
		FA4753372972F979008AA4DD /* TCity.swift in Sources */ = {isa = PBXBuildFile; fileRef = FA4753362972F979008AA4DD /* TCity.swift */; };
		FA547A7A296C7E2900B3EA1E /* TImeBurgApp.swift in Sources */ = {isa = PBXBuildFile; fileRef = FA547A79296C7E2900B3EA1E /* TImeBurgApp.swift */; };
		FA547A7C296C7E2900B3EA1E /* TTabView.swift in Sources */ = {isa = PBXBuildFile; fileRef = FA547A7B296C7E2900B3EA1E /* TTabView.swift */; };
		FA547A7E296C7E2D00B3EA1E /* Colors.xcassets in Resources */ = {isa = PBXBuildFile; fileRef = FA547A7D296C7E2D00B3EA1E /* Colors.xcassets */; };
		FA547A82296C7E2D00B3EA1E /* Preview Assets.xcassets in Resources */ = {isa = PBXBuildFile; fileRef = FA547A81296C7E2D00B3EA1E /* Preview Assets.xcassets */; };
		FA83E3932971CEE3000952DD /* TActivityType.swift in Sources */ = {isa = PBXBuildFile; fileRef = FA83E3922971CEE3000952DD /* TActivityType.swift */; };
		FA83E3952971DA67000952DD /* TCityStatisticView.swift in Sources */ = {isa = PBXBuildFile; fileRef = FA83E3942971DA67000952DD /* TCityStatisticView.swift */; };
		FA83E3982971DAD3000952DD /* TCityVM.swift in Sources */ = {isa = PBXBuildFile; fileRef = FA83E3972971DAD3000952DD /* TCityVM.swift */; };
		FA83E39A2971DFFE000952DD /* TPeopleCounterView.swift in Sources */ = {isa = PBXBuildFile; fileRef = FA83E3992971DFFE000952DD /* TPeopleCounterView.swift */; };
		FAB224252978334800B9482C /* TCityView.swift in Sources */ = {isa = PBXBuildFile; fileRef = FAB224242978334800B9482C /* TCityView.swift */; };
		FAB2242A2978388500B9482C /* THouse.swift in Sources */ = {isa = PBXBuildFile; fileRef = FAB224292978388500B9482C /* THouse.swift */; };
		FAB2242C29783B5B00B9482C /* THouseView.swift in Sources */ = {isa = PBXBuildFile; fileRef = FAB2242B29783B5B00B9482C /* THouseView.swift */; };
		FAB2242E29783E3F00B9482C /* THouseVM.swift in Sources */ = {isa = PBXBuildFile; fileRef = FAB2242D29783E3F00B9482C /* THouseVM.swift */; };
		FADCDBE6297ED291000B3FDC /* Lottie in Frameworks */ = {isa = PBXBuildFile; productRef = FADCDBE5297ED291000B3FDC /* Lottie */; };
		FADCDBE8297ED369000B3FDC /* TLottieView.swift in Sources */ = {isa = PBXBuildFile; fileRef = FADCDBE7297ED368000B3FDC /* TLottieView.swift */; };
		FADCDBEB297ED70D000B3FDC /* AnimationHome1.json in Resources */ = {isa = PBXBuildFile; fileRef = FADCDBE9297ED70C000B3FDC /* AnimationHome1.json */; };
		FADCDBEC297ED70D000B3FDC /* OrangeHome.json in Resources */ = {isa = PBXBuildFile; fileRef = FADCDBEA297ED70C000B3FDC /* OrangeHome.json */; };
		FAEBB51B296D8A3A008166A0 /* TButtons.swift in Sources */ = {isa = PBXBuildFile; fileRef = FAEBB51A296D8A3A008166A0 /* TButtons.swift */; };
		FAEBB51D296DDE7F008166A0 /* TTagView.swift in Sources */ = {isa = PBXBuildFile; fileRef = FAEBB51C296DDE7F008166A0 /* TTagView.swift */; };
		FAFC71DC296C84140099D470 /* TTabViewModel.swift in Sources */ = {isa = PBXBuildFile; fileRef = FAFC71DB296C84140099D470 /* TTabViewModel.swift */; };
		FAFC71DE296C85170099D470 /* THomeView.swift in Sources */ = {isa = PBXBuildFile; fileRef = FAFC71DD296C85170099D470 /* THomeView.swift */; };
		FAFC71E0296C85280099D470 /* THomeViewModel.swift in Sources */ = {isa = PBXBuildFile; fileRef = FAFC71DF296C85280099D470 /* THomeViewModel.swift */; };
		FAFC71E2296C86340099D470 /* TServicesFactory.swift in Sources */ = {isa = PBXBuildFile; fileRef = FAFC71E1296C86340099D470 /* TServicesFactory.swift */; };
		FAFC71E4296C87850099D470 /* Images.xcassets in Resources */ = {isa = PBXBuildFile; fileRef = FAFC71E3296C87850099D470 /* Images.xcassets */; };
		FAFC71E6296C88F40099D470 /* Colors.swift in Sources */ = {isa = PBXBuildFile; fileRef = FAFC71E5296C88F40099D470 /* Colors.swift */; };
		FAFC7203296C8D530099D470 /* Inter-Regular.otf in Resources */ = {isa = PBXBuildFile; fileRef = FAFC71F0296C8D510099D470 /* Inter-Regular.otf */; };
		FAFC7213296C8DFE0099D470 /* Fonts.swift in Sources */ = {isa = PBXBuildFile; fileRef = FAFC7212296C8DFE0099D470 /* Fonts.swift */; };
/* End PBXBuildFile section */

/* Begin PBXFileReference section */
		FA362F4D297DD55E00EE0CE1 /* TCheckBoxView.swift */ = {isa = PBXFileReference; lastKnownFileType = sourcecode.swift; path = TCheckBoxView.swift; sourceTree = "<group>"; };
		FA362F4F297DD83700EE0CE1 /* TTimerView.swift */ = {isa = PBXFileReference; lastKnownFileType = sourcecode.swift; path = TTimerView.swift; sourceTree = "<group>"; };
		FA4753322972E977008AA4DD /* TRatingView.swift */ = {isa = PBXFileReference; lastKnownFileType = sourcecode.swift; path = TRatingView.swift; sourceTree = "<group>"; };
		FA4753342972F1F9008AA4DD /* ViewModifiers.swift */ = {isa = PBXFileReference; lastKnownFileType = sourcecode.swift; path = ViewModifiers.swift; sourceTree = "<group>"; };
		FA4753362972F979008AA4DD /* TCity.swift */ = {isa = PBXFileReference; lastKnownFileType = sourcecode.swift; path = TCity.swift; sourceTree = "<group>"; };
		FA547A76296C7E2900B3EA1E /* TImeBurg.app */ = {isa = PBXFileReference; explicitFileType = wrapper.application; includeInIndex = 0; path = TImeBurg.app; sourceTree = BUILT_PRODUCTS_DIR; };
		FA547A79296C7E2900B3EA1E /* TImeBurgApp.swift */ = {isa = PBXFileReference; lastKnownFileType = sourcecode.swift; path = TImeBurgApp.swift; sourceTree = "<group>"; };
		FA547A7B296C7E2900B3EA1E /* TTabView.swift */ = {isa = PBXFileReference; lastKnownFileType = sourcecode.swift; path = TTabView.swift; sourceTree = "<group>"; };
		FA547A7D296C7E2D00B3EA1E /* Colors.xcassets */ = {isa = PBXFileReference; lastKnownFileType = folder.assetcatalog; path = Colors.xcassets; sourceTree = "<group>"; };
		FA547A7F296C7E2D00B3EA1E /* TImeBurg.entitlements */ = {isa = PBXFileReference; lastKnownFileType = text.plist.entitlements; path = TImeBurg.entitlements; sourceTree = "<group>"; };
		FA547A81296C7E2D00B3EA1E /* Preview Assets.xcassets */ = {isa = PBXFileReference; lastKnownFileType = folder.assetcatalog; path = "Preview Assets.xcassets"; sourceTree = "<group>"; };
		FA83E3922971CEE3000952DD /* TActivityType.swift */ = {isa = PBXFileReference; lastKnownFileType = sourcecode.swift; path = TActivityType.swift; sourceTree = "<group>"; };
		FA83E3942971DA67000952DD /* TCityStatisticView.swift */ = {isa = PBXFileReference; lastKnownFileType = sourcecode.swift; path = TCityStatisticView.swift; sourceTree = "<group>"; };
		FA83E3972971DAD3000952DD /* TCityVM.swift */ = {isa = PBXFileReference; lastKnownFileType = sourcecode.swift; path = TCityVM.swift; sourceTree = "<group>"; };
		FA83E3992971DFFE000952DD /* TPeopleCounterView.swift */ = {isa = PBXFileReference; lastKnownFileType = sourcecode.swift; path = TPeopleCounterView.swift; sourceTree = "<group>"; };
		FAB224242978334800B9482C /* TCityView.swift */ = {isa = PBXFileReference; lastKnownFileType = sourcecode.swift; path = TCityView.swift; sourceTree = "<group>"; };
		FAB224292978388500B9482C /* THouse.swift */ = {isa = PBXFileReference; lastKnownFileType = sourcecode.swift; path = THouse.swift; sourceTree = "<group>"; };
		FAB2242B29783B5B00B9482C /* THouseView.swift */ = {isa = PBXFileReference; lastKnownFileType = sourcecode.swift; path = THouseView.swift; sourceTree = "<group>"; };
		FAB2242D29783E3F00B9482C /* THouseVM.swift */ = {isa = PBXFileReference; lastKnownFileType = sourcecode.swift; path = THouseVM.swift; sourceTree = "<group>"; };
		FADCDBE7297ED368000B3FDC /* TLottieView.swift */ = {isa = PBXFileReference; lastKnownFileType = sourcecode.swift; path = TLottieView.swift; sourceTree = "<group>"; };
		FADCDBE9297ED70C000B3FDC /* AnimationHome1.json */ = {isa = PBXFileReference; fileEncoding = 4; lastKnownFileType = text.json; path = AnimationHome1.json; sourceTree = "<group>"; };
		FADCDBEA297ED70C000B3FDC /* OrangeHome.json */ = {isa = PBXFileReference; fileEncoding = 4; lastKnownFileType = text.json; path = OrangeHome.json; sourceTree = "<group>"; };
		FAEBB51A296D8A3A008166A0 /* TButtons.swift */ = {isa = PBXFileReference; lastKnownFileType = sourcecode.swift; path = TButtons.swift; sourceTree = "<group>"; };
		FAEBB51C296DDE7F008166A0 /* TTagView.swift */ = {isa = PBXFileReference; lastKnownFileType = sourcecode.swift; path = TTagView.swift; sourceTree = "<group>"; };
		FAFC71DB296C84140099D470 /* TTabViewModel.swift */ = {isa = PBXFileReference; lastKnownFileType = sourcecode.swift; path = TTabViewModel.swift; sourceTree = "<group>"; };
		FAFC71DD296C85170099D470 /* THomeView.swift */ = {isa = PBXFileReference; lastKnownFileType = sourcecode.swift; path = THomeView.swift; sourceTree = "<group>"; };
		FAFC71DF296C85280099D470 /* THomeViewModel.swift */ = {isa = PBXFileReference; lastKnownFileType = sourcecode.swift; path = THomeViewModel.swift; sourceTree = "<group>"; };
		FAFC71E1296C86340099D470 /* TServicesFactory.swift */ = {isa = PBXFileReference; lastKnownFileType = sourcecode.swift; path = TServicesFactory.swift; sourceTree = "<group>"; };
		FAFC71E3296C87850099D470 /* Images.xcassets */ = {isa = PBXFileReference; lastKnownFileType = folder.assetcatalog; path = Images.xcassets; sourceTree = "<group>"; };
		FAFC71E5296C88F40099D470 /* Colors.swift */ = {isa = PBXFileReference; lastKnownFileType = sourcecode.swift; path = Colors.swift; sourceTree = "<group>"; };
		FAFC71EA296C8BFB0099D470 /* Info.plist */ = {isa = PBXFileReference; lastKnownFileType = text.plist; path = Info.plist; sourceTree = "<group>"; };
		FAFC71F0296C8D510099D470 /* Inter-Regular.otf */ = {isa = PBXFileReference; lastKnownFileType = file; path = "Inter-Regular.otf"; sourceTree = "<group>"; };
		FAFC7212296C8DFE0099D470 /* Fonts.swift */ = {isa = PBXFileReference; lastKnownFileType = sourcecode.swift; path = Fonts.swift; sourceTree = "<group>"; };
/* End PBXFileReference section */

/* Begin PBXFrameworksBuildPhase section */
		FA547A73296C7E2900B3EA1E /* Frameworks */ = {
			isa = PBXFrameworksBuildPhase;
			buildActionMask = 2147483647;
			files = (
				FADCDBE6297ED291000B3FDC /* Lottie in Frameworks */,
			);
			runOnlyForDeploymentPostprocessing = 0;
		};
/* End PBXFrameworksBuildPhase section */

/* Begin PBXGroup section */
		FA547A6D296C7E2900B3EA1E = {
			isa = PBXGroup;
			children = (
				FA547A78296C7E2900B3EA1E /* TImeBurg */,
				FA547A77296C7E2900B3EA1E /* Products */,
			);
			sourceTree = "<group>";
		};
		FA547A77296C7E2900B3EA1E /* Products */ = {
			isa = PBXGroup;
			children = (
				FA547A76296C7E2900B3EA1E /* TImeBurg.app */,
			);
			name = Products;
			sourceTree = "<group>";
		};
		FA547A78296C7E2900B3EA1E /* TImeBurg */ = {
			isa = PBXGroup;
			children = (
				FAFC71EA296C8BFB0099D470 /* Info.plist */,
				FA547A88296C7F8A00B3EA1E /* Views */,
				FA547A7B296C7E2900B3EA1E /* TTabView.swift */,
				FAFC71DB296C84140099D470 /* TTabViewModel.swift */,
				FA547A8C296C7FDF00B3EA1E /* Services */,
				FA547A8D296C7FED00B3EA1E /* Repositories */,
				FA547A8B296C7FC900B3EA1E /* Resources */,
				FA547A79296C7E2900B3EA1E /* TImeBurgApp.swift */,
				FA547A7F296C7E2D00B3EA1E /* TImeBurg.entitlements */,
				FA547A80296C7E2D00B3EA1E /* Preview Content */,
			);
			path = TImeBurg;
			sourceTree = "<group>";
		};
		FA547A80296C7E2D00B3EA1E /* Preview Content */ = {
			isa = PBXGroup;
			children = (
				FA547A81296C7E2D00B3EA1E /* Preview Assets.xcassets */,
			);
			path = "Preview Content";
			sourceTree = "<group>";
		};
		FA547A88296C7F8A00B3EA1E /* Views */ = {
			isa = PBXGroup;
			children = (
				FAFC71DA296C81C90099D470 /* Home */,
				FA547A8A296C7FAE00B3EA1E /* Components */,
			);
			path = Views;
			sourceTree = "<group>";
		};
		FA547A8A296C7FAE00B3EA1E /* Components */ = {
			isa = PBXGroup;
			children = (
				FA83E3972971DAD3000952DD /* TCityVM.swift */,
				FAB2242D29783E3F00B9482C /* THouseVM.swift */,
				FAB224262978335300B9482C /* City */,
				FA83E3962971DA86000952DD /* CityStatistic */,
				FAEBB51A296D8A3A008166A0 /* TButtons.swift */,
				FAEBB51C296DDE7F008166A0 /* TTagView.swift */,
				FA83E3992971DFFE000952DD /* TPeopleCounterView.swift */,
				FA4753322972E977008AA4DD /* TRatingView.swift */,
				FA4753342972F1F9008AA4DD /* ViewModifiers.swift */,
				FA362F4D297DD55E00EE0CE1 /* TCheckBoxView.swift */,
				FA362F4F297DD83700EE0CE1 /* TTimerView.swift */,
				FADCDBE7297ED368000B3FDC /* TLottieView.swift */,
			);
			path = Components;
			sourceTree = "<group>";
		};
		FA547A8B296C7FC900B3EA1E /* Resources */ = {
			isa = PBXGroup;
			children = (
				FADCDBE9297ED70C000B3FDC /* AnimationHome1.json */,
				FADCDBEA297ED70C000B3FDC /* OrangeHome.json */,
				FAFC71EB296C8D040099D470 /* InterFont */,
				FA547A7D296C7E2D00B3EA1E /* Colors.xcassets */,
				FAFC71E3296C87850099D470 /* Images.xcassets */,
			);
			path = Resources;
			sourceTree = "<group>";
		};
		FA547A8C296C7FDF00B3EA1E /* Services */ = {
			isa = PBXGroup;
			children = (
				FA83E3912971CEAD000952DD /* Models */,
				FAFC71E1296C86340099D470 /* TServicesFactory.swift */,
			);
			path = Services;
			sourceTree = "<group>";
		};
		FA547A8D296C7FED00B3EA1E /* Repositories */ = {
			isa = PBXGroup;
			children = (
				FAFC71E5296C88F40099D470 /* Colors.swift */,
				FAFC7212296C8DFE0099D470 /* Fonts.swift */,
			);
			path = Repositories;
			sourceTree = "<group>";
		};
		FA83E3912971CEAD000952DD /* Models */ = {
			isa = PBXGroup;
			children = (
				FA83E3922971CEE3000952DD /* TActivityType.swift */,
				FA4753362972F979008AA4DD /* TCity.swift */,
				FAB224292978388500B9482C /* THouse.swift */,
			);
			path = Models;
			sourceTree = "<group>";
		};
		FA83E3962971DA86000952DD /* CityStatistic */ = {
			isa = PBXGroup;
			children = (
				FA83E3942971DA67000952DD /* TCityStatisticView.swift */,
			);
			path = CityStatistic;
			sourceTree = "<group>";
		};
		FAB224262978335300B9482C /* City */ = {
			isa = PBXGroup;
			children = (
				FAB224242978334800B9482C /* TCityView.swift */,
				FAB2242B29783B5B00B9482C /* THouseView.swift */,
			);
			path = City;
			sourceTree = "<group>";
		};
		FAFC71DA296C81C90099D470 /* Home */ = {
			isa = PBXGroup;
			children = (
				FAFC71DD296C85170099D470 /* THomeView.swift */,
				FAFC71DF296C85280099D470 /* THomeViewModel.swift */,
			);
			path = Home;
			sourceTree = "<group>";
		};
		FAFC71EB296C8D040099D470 /* InterFont */ = {
			isa = PBXGroup;
			children = (
				FAFC71F0296C8D510099D470 /* Inter-Regular.otf */,
			);
			path = InterFont;
			sourceTree = "<group>";
		};
/* End PBXGroup section */

/* Begin PBXNativeTarget section */
		FA547A75296C7E2900B3EA1E /* TImeBurg */ = {
			isa = PBXNativeTarget;
			buildConfigurationList = FA547A85296C7E2D00B3EA1E /* Build configuration list for PBXNativeTarget "TImeBurg" */;
			buildPhases = (
				FA547A72296C7E2900B3EA1E /* Sources */,
				FA547A73296C7E2900B3EA1E /* Frameworks */,
				FA547A74296C7E2900B3EA1E /* Resources */,
			);
			buildRules = (
			);
			dependencies = (
			);
			name = TImeBurg;
			packageProductDependencies = (
				FADCDBE5297ED291000B3FDC /* Lottie */,
			);
			productName = TImeBurg;
			productReference = FA547A76296C7E2900B3EA1E /* TImeBurg.app */;
			productType = "com.apple.product-type.application";
		};
/* End PBXNativeTarget section */

/* Begin PBXProject section */
		FA547A6E296C7E2900B3EA1E /* Project object */ = {
			isa = PBXProject;
			attributes = {
				BuildIndependentTargetsInParallel = 1;
				LastSwiftUpdateCheck = 1420;
				LastUpgradeCheck = 1420;
				TargetAttributes = {
					FA547A75296C7E2900B3EA1E = {
						CreatedOnToolsVersion = 14.2;
					};
				};
			};
			buildConfigurationList = FA547A71296C7E2900B3EA1E /* Build configuration list for PBXProject "TImeBurg" */;
			compatibilityVersion = "Xcode 14.0";
			developmentRegion = en;
			hasScannedForEncodings = 0;
			knownRegions = (
				en,
				Base,
			);
			mainGroup = FA547A6D296C7E2900B3EA1E;
			packageReferences = (
				FADCDBE4297ED291000B3FDC /* XCRemoteSwiftPackageReference "lottie-spm" */,
			);
			productRefGroup = FA547A77296C7E2900B3EA1E /* Products */;
			projectDirPath = "";
			projectRoot = "";
			targets = (
				FA547A75296C7E2900B3EA1E /* TImeBurg */,
			);
		};
/* End PBXProject section */

/* Begin PBXResourcesBuildPhase section */
		FA547A74296C7E2900B3EA1E /* Resources */ = {
			isa = PBXResourcesBuildPhase;
			buildActionMask = 2147483647;
			files = (
				FADCDBEC297ED70D000B3FDC /* OrangeHome.json in Resources */,
				FA547A82296C7E2D00B3EA1E /* Preview Assets.xcassets in Resources */,
				FADCDBEB297ED70D000B3FDC /* AnimationHome1.json in Resources */,
				FAFC7203296C8D530099D470 /* Inter-Regular.otf in Resources */,
				FAFC71E4296C87850099D470 /* Images.xcassets in Resources */,
				FA547A7E296C7E2D00B3EA1E /* Colors.xcassets in Resources */,
			);
			runOnlyForDeploymentPostprocessing = 0;
		};
/* End PBXResourcesBuildPhase section */

/* Begin PBXSourcesBuildPhase section */
		FA547A72296C7E2900B3EA1E /* Sources */ = {
			isa = PBXSourcesBuildPhase;
			buildActionMask = 2147483647;
			files = (
				FA362F4E297DD55E00EE0CE1 /* TCheckBoxView.swift in Sources */,
				FA83E3952971DA67000952DD /* TCityStatisticView.swift in Sources */,
				FAFC7213296C8DFE0099D470 /* Fonts.swift in Sources */,
				FAEBB51D296DDE7F008166A0 /* TTagView.swift in Sources */,
				FAFC71E0296C85280099D470 /* THomeViewModel.swift in Sources */,
				FA547A7C296C7E2900B3EA1E /* TTabView.swift in Sources */,
				FA83E39A2971DFFE000952DD /* TPeopleCounterView.swift in Sources */,
				FAFC71DC296C84140099D470 /* TTabViewModel.swift in Sources */,
				FAFC71E6296C88F40099D470 /* Colors.swift in Sources */,
				FA4753332972E977008AA4DD /* TRatingView.swift in Sources */,
				FA83E3932971CEE3000952DD /* TActivityType.swift in Sources */,
				FAFC71DE296C85170099D470 /* THomeView.swift in Sources */,
				FADCDBE8297ED369000B3FDC /* TLottieView.swift in Sources */,
				FA362F50297DD83700EE0CE1 /* TTimerView.swift in Sources */,
				FA4753352972F1FA008AA4DD /* ViewModifiers.swift in Sources */,
				FA547A7A296C7E2900B3EA1E /* TImeBurgApp.swift in Sources */,
				FAB2242A2978388500B9482C /* THouse.swift in Sources */,
				FA4753372972F979008AA4DD /* TCity.swift in Sources */,
				FAEBB51B296D8A3A008166A0 /* TButtons.swift in Sources */,
				FAFC71E2296C86340099D470 /* TServicesFactory.swift in Sources */,
				FAB2242E29783E3F00B9482C /* THouseVM.swift in Sources */,
				FAB224252978334800B9482C /* TCityView.swift in Sources */,
				FAB2242C29783B5B00B9482C /* THouseView.swift in Sources */,
				FA83E3982971DAD3000952DD /* TCityVM.swift in Sources */,
			);
			runOnlyForDeploymentPostprocessing = 0;
		};
/* End PBXSourcesBuildPhase section */

/* Begin XCBuildConfiguration section */
		FA547A83296C7E2D00B3EA1E /* Debug */ = {
			isa = XCBuildConfiguration;
			buildSettings = {
				ALWAYS_SEARCH_USER_PATHS = NO;
				CLANG_ANALYZER_NONNULL = YES;
				CLANG_ANALYZER_NUMBER_OBJECT_CONVERSION = YES_AGGRESSIVE;
				CLANG_CXX_LANGUAGE_STANDARD = "gnu++20";
				CLANG_ENABLE_MODULES = YES;
				CLANG_ENABLE_OBJC_ARC = YES;
				CLANG_ENABLE_OBJC_WEAK = YES;
				CLANG_WARN_BLOCK_CAPTURE_AUTORELEASING = YES;
				CLANG_WARN_BOOL_CONVERSION = YES;
				CLANG_WARN_COMMA = YES;
				CLANG_WARN_CONSTANT_CONVERSION = YES;
				CLANG_WARN_DEPRECATED_OBJC_IMPLEMENTATIONS = YES;
				CLANG_WARN_DIRECT_OBJC_ISA_USAGE = YES_ERROR;
				CLANG_WARN_DOCUMENTATION_COMMENTS = YES;
				CLANG_WARN_EMPTY_BODY = YES;
				CLANG_WARN_ENUM_CONVERSION = YES;
				CLANG_WARN_INFINITE_RECURSION = YES;
				CLANG_WARN_INT_CONVERSION = YES;
				CLANG_WARN_NON_LITERAL_NULL_CONVERSION = YES;
				CLANG_WARN_OBJC_IMPLICIT_RETAIN_SELF = YES;
				CLANG_WARN_OBJC_LITERAL_CONVERSION = YES;
				CLANG_WARN_OBJC_ROOT_CLASS = YES_ERROR;
				CLANG_WARN_QUOTED_INCLUDE_IN_FRAMEWORK_HEADER = YES;
				CLANG_WARN_RANGE_LOOP_ANALYSIS = YES;
				CLANG_WARN_STRICT_PROTOTYPES = YES;
				CLANG_WARN_SUSPICIOUS_MOVE = YES;
				CLANG_WARN_UNGUARDED_AVAILABILITY = YES_AGGRESSIVE;
				CLANG_WARN_UNREACHABLE_CODE = YES;
				CLANG_WARN__DUPLICATE_METHOD_MATCH = YES;
				COPY_PHASE_STRIP = NO;
				DEBUG_INFORMATION_FORMAT = dwarf;
				ENABLE_STRICT_OBJC_MSGSEND = YES;
				ENABLE_TESTABILITY = YES;
				GCC_C_LANGUAGE_STANDARD = gnu11;
				GCC_DYNAMIC_NO_PIC = NO;
				GCC_NO_COMMON_BLOCKS = YES;
				GCC_OPTIMIZATION_LEVEL = 0;
				GCC_PREPROCESSOR_DEFINITIONS = (
					"DEBUG=1",
					"$(inherited)",
				);
				GCC_WARN_64_TO_32_BIT_CONVERSION = YES;
				GCC_WARN_ABOUT_RETURN_TYPE = YES_ERROR;
				GCC_WARN_UNDECLARED_SELECTOR = YES;
				GCC_WARN_UNINITIALIZED_AUTOS = YES_AGGRESSIVE;
				GCC_WARN_UNUSED_FUNCTION = YES;
				GCC_WARN_UNUSED_VARIABLE = YES;
				MTL_ENABLE_DEBUG_INFO = INCLUDE_SOURCE;
				MTL_FAST_MATH = YES;
				ONLY_ACTIVE_ARCH = YES;
				SWIFT_ACTIVE_COMPILATION_CONDITIONS = DEBUG;
				SWIFT_OPTIMIZATION_LEVEL = "-Onone";
			};
			name = Debug;
		};
		FA547A84296C7E2D00B3EA1E /* Release */ = {
			isa = XCBuildConfiguration;
			buildSettings = {
				ALWAYS_SEARCH_USER_PATHS = NO;
				CLANG_ANALYZER_NONNULL = YES;
				CLANG_ANALYZER_NUMBER_OBJECT_CONVERSION = YES_AGGRESSIVE;
				CLANG_CXX_LANGUAGE_STANDARD = "gnu++20";
				CLANG_ENABLE_MODULES = YES;
				CLANG_ENABLE_OBJC_ARC = YES;
				CLANG_ENABLE_OBJC_WEAK = YES;
				CLANG_WARN_BLOCK_CAPTURE_AUTORELEASING = YES;
				CLANG_WARN_BOOL_CONVERSION = YES;
				CLANG_WARN_COMMA = YES;
				CLANG_WARN_CONSTANT_CONVERSION = YES;
				CLANG_WARN_DEPRECATED_OBJC_IMPLEMENTATIONS = YES;
				CLANG_WARN_DIRECT_OBJC_ISA_USAGE = YES_ERROR;
				CLANG_WARN_DOCUMENTATION_COMMENTS = YES;
				CLANG_WARN_EMPTY_BODY = YES;
				CLANG_WARN_ENUM_CONVERSION = YES;
				CLANG_WARN_INFINITE_RECURSION = YES;
				CLANG_WARN_INT_CONVERSION = YES;
				CLANG_WARN_NON_LITERAL_NULL_CONVERSION = YES;
				CLANG_WARN_OBJC_IMPLICIT_RETAIN_SELF = YES;
				CLANG_WARN_OBJC_LITERAL_CONVERSION = YES;
				CLANG_WARN_OBJC_ROOT_CLASS = YES_ERROR;
				CLANG_WARN_QUOTED_INCLUDE_IN_FRAMEWORK_HEADER = YES;
				CLANG_WARN_RANGE_LOOP_ANALYSIS = YES;
				CLANG_WARN_STRICT_PROTOTYPES = YES;
				CLANG_WARN_SUSPICIOUS_MOVE = YES;
				CLANG_WARN_UNGUARDED_AVAILABILITY = YES_AGGRESSIVE;
				CLANG_WARN_UNREACHABLE_CODE = YES;
				CLANG_WARN__DUPLICATE_METHOD_MATCH = YES;
				COPY_PHASE_STRIP = NO;
				DEBUG_INFORMATION_FORMAT = "dwarf-with-dsym";
				ENABLE_NS_ASSERTIONS = NO;
				ENABLE_STRICT_OBJC_MSGSEND = YES;
				GCC_C_LANGUAGE_STANDARD = gnu11;
				GCC_NO_COMMON_BLOCKS = YES;
				GCC_WARN_64_TO_32_BIT_CONVERSION = YES;
				GCC_WARN_ABOUT_RETURN_TYPE = YES_ERROR;
				GCC_WARN_UNDECLARED_SELECTOR = YES;
				GCC_WARN_UNINITIALIZED_AUTOS = YES_AGGRESSIVE;
				GCC_WARN_UNUSED_FUNCTION = YES;
				GCC_WARN_UNUSED_VARIABLE = YES;
				MTL_ENABLE_DEBUG_INFO = NO;
				MTL_FAST_MATH = YES;
				SWIFT_COMPILATION_MODE = wholemodule;
				SWIFT_OPTIMIZATION_LEVEL = "-O";
			};
			name = Release;
		};
		FA547A86296C7E2D00B3EA1E /* Debug */ = {
			isa = XCBuildConfiguration;
			buildSettings = {
				ASSETCATALOG_COMPILER_APPICON_NAME = AppIcon;
				ASSETCATALOG_COMPILER_GLOBAL_ACCENT_COLOR_NAME = AccentColor;
				CODE_SIGN_ENTITLEMENTS = TImeBurg/TImeBurg.entitlements;
				CODE_SIGN_STYLE = Automatic;
				CURRENT_PROJECT_VERSION = 1;
				DEVELOPMENT_ASSET_PATHS = "\"TImeBurg/Preview Content\"";
				DEVELOPMENT_TEAM = 955DP87LHM;
				ENABLE_HARDENED_RUNTIME = YES;
				ENABLE_PREVIEWS = YES;
				GENERATE_INFOPLIST_FILE = YES;
				INFOPLIST_FILE = TImeBurg/Info.plist;
				"INFOPLIST_KEY_UIApplicationSceneManifest_Generation[sdk=iphoneos*]" = YES;
				"INFOPLIST_KEY_UIApplicationSceneManifest_Generation[sdk=iphonesimulator*]" = YES;
				"INFOPLIST_KEY_UIApplicationSupportsIndirectInputEvents[sdk=iphoneos*]" = YES;
				"INFOPLIST_KEY_UIApplicationSupportsIndirectInputEvents[sdk=iphonesimulator*]" = YES;
				"INFOPLIST_KEY_UILaunchScreen_Generation[sdk=iphoneos*]" = YES;
				"INFOPLIST_KEY_UILaunchScreen_Generation[sdk=iphonesimulator*]" = YES;
				"INFOPLIST_KEY_UIStatusBarStyle[sdk=iphoneos*]" = UIStatusBarStyleDefault;
				"INFOPLIST_KEY_UIStatusBarStyle[sdk=iphonesimulator*]" = UIStatusBarStyleDefault;
				INFOPLIST_KEY_UISupportedInterfaceOrientations_iPad = "UIInterfaceOrientationPortrait UIInterfaceOrientationPortraitUpsideDown UIInterfaceOrientationLandscapeLeft UIInterfaceOrientationLandscapeRight";
				INFOPLIST_KEY_UISupportedInterfaceOrientations_iPhone = "UIInterfaceOrientationPortrait UIInterfaceOrientationLandscapeLeft UIInterfaceOrientationLandscapeRight";
				IPHONEOS_DEPLOYMENT_TARGET = 15.0;
				LD_RUNPATH_SEARCH_PATHS = "@executable_path/Frameworks";
				"LD_RUNPATH_SEARCH_PATHS[sdk=macosx*]" = "@executable_path/../Frameworks";
				MACOSX_DEPLOYMENT_TARGET = 13.0;
				MARKETING_VERSION = 1.0;
				PRODUCT_BUNDLE_IDENTIFIER = none.TImeBurg;
				PRODUCT_NAME = "$(TARGET_NAME)";
				SDKROOT = auto;
				SUPPORTED_PLATFORMS = "iphoneos iphonesimulator macosx";
				SWIFT_EMIT_LOC_STRINGS = YES;
				SWIFT_VERSION = 5.0;
				TARGETED_DEVICE_FAMILY = "1,2";
			};
			name = Debug;
		};
		FA547A87296C7E2D00B3EA1E /* Release */ = {
			isa = XCBuildConfiguration;
			buildSettings = {
				ASSETCATALOG_COMPILER_APPICON_NAME = AppIcon;
				ASSETCATALOG_COMPILER_GLOBAL_ACCENT_COLOR_NAME = AccentColor;
				CODE_SIGN_ENTITLEMENTS = TImeBurg/TImeBurg.entitlements;
				CODE_SIGN_STYLE = Automatic;
				CURRENT_PROJECT_VERSION = 1;
				DEVELOPMENT_ASSET_PATHS = "\"TImeBurg/Preview Content\"";
				DEVELOPMENT_TEAM = 955DP87LHM;
				ENABLE_HARDENED_RUNTIME = YES;
				ENABLE_PREVIEWS = YES;
				GENERATE_INFOPLIST_FILE = YES;
				INFOPLIST_FILE = TImeBurg/Info.plist;
				"INFOPLIST_KEY_UIApplicationSceneManifest_Generation[sdk=iphoneos*]" = YES;
				"INFOPLIST_KEY_UIApplicationSceneManifest_Generation[sdk=iphonesimulator*]" = YES;
				"INFOPLIST_KEY_UIApplicationSupportsIndirectInputEvents[sdk=iphoneos*]" = YES;
				"INFOPLIST_KEY_UIApplicationSupportsIndirectInputEvents[sdk=iphonesimulator*]" = YES;
				"INFOPLIST_KEY_UILaunchScreen_Generation[sdk=iphoneos*]" = YES;
				"INFOPLIST_KEY_UILaunchScreen_Generation[sdk=iphonesimulator*]" = YES;
				"INFOPLIST_KEY_UIStatusBarStyle[sdk=iphoneos*]" = UIStatusBarStyleDefault;
				"INFOPLIST_KEY_UIStatusBarStyle[sdk=iphonesimulator*]" = UIStatusBarStyleDefault;
				INFOPLIST_KEY_UISupportedInterfaceOrientations_iPad = "UIInterfaceOrientationPortrait UIInterfaceOrientationPortraitUpsideDown UIInterfaceOrientationLandscapeLeft UIInterfaceOrientationLandscapeRight";
				INFOPLIST_KEY_UISupportedInterfaceOrientations_iPhone = "UIInterfaceOrientationPortrait UIInterfaceOrientationLandscapeLeft UIInterfaceOrientationLandscapeRight";
				IPHONEOS_DEPLOYMENT_TARGET = 15.0;
				LD_RUNPATH_SEARCH_PATHS = "@executable_path/Frameworks";
				"LD_RUNPATH_SEARCH_PATHS[sdk=macosx*]" = "@executable_path/../Frameworks";
				MACOSX_DEPLOYMENT_TARGET = 13.0;
				MARKETING_VERSION = 1.0;
				PRODUCT_BUNDLE_IDENTIFIER = none.TImeBurg;
				PRODUCT_NAME = "$(TARGET_NAME)";
				SDKROOT = auto;
				SUPPORTED_PLATFORMS = "iphoneos iphonesimulator macosx";
				SWIFT_EMIT_LOC_STRINGS = YES;
				SWIFT_VERSION = 5.0;
				TARGETED_DEVICE_FAMILY = "1,2";
			};
			name = Release;
		};
/* End XCBuildConfiguration section */

/* Begin XCConfigurationList section */
		FA547A71296C7E2900B3EA1E /* Build configuration list for PBXProject "TImeBurg" */ = {
			isa = XCConfigurationList;
			buildConfigurations = (
				FA547A83296C7E2D00B3EA1E /* Debug */,
				FA547A84296C7E2D00B3EA1E /* Release */,
			);
			defaultConfigurationIsVisible = 0;
			defaultConfigurationName = Release;
		};
		FA547A85296C7E2D00B3EA1E /* Build configuration list for PBXNativeTarget "TImeBurg" */ = {
			isa = XCConfigurationList;
			buildConfigurations = (
				FA547A86296C7E2D00B3EA1E /* Debug */,
				FA547A87296C7E2D00B3EA1E /* Release */,
			);
			defaultConfigurationIsVisible = 0;
			defaultConfigurationName = Release;
		};
/* End XCConfigurationList section */

/* Begin XCRemoteSwiftPackageReference section */
		FADCDBE4297ED291000B3FDC /* XCRemoteSwiftPackageReference "lottie-spm" */ = {
			isa = XCRemoteSwiftPackageReference;
			repositoryURL = "https://github.com/airbnb/lottie-spm.git";
			requirement = {
				kind = upToNextMajorVersion;
				minimumVersion = 4.0.0;
			};
		};
/* End XCRemoteSwiftPackageReference section */

/* Begin XCSwiftPackageProductDependency section */
		FADCDBE5297ED291000B3FDC /* Lottie */ = {
			isa = XCSwiftPackageProductDependency;
			package = FADCDBE4297ED291000B3FDC /* XCRemoteSwiftPackageReference "lottie-spm" */;
			productName = Lottie;
		};
/* End XCSwiftPackageProductDependency section */
	};
	rootObject = FA547A6E296C7E2900B3EA1E /* Project object */;
}
